
Microsoft Visual Studio Solution File, Format Version 12.00
# Visual Studio 2013
VisualStudioVersion = 12.0.30626.0
MinimumVisualStudioVersion = 10.0.40219.1
Project("{FAE04EC0-301F-11D3-BF4B-00C04F79EFBC}") = "programmatronIDE", "WindowsFormsApplication1\programmatronIDE.csproj", "{64E764D3-08B0-48AB-A76B-4A9C28F1B0C3}"
EndProject
Project("{FAE04EC0-301F-11D3-BF4B-00C04F79EFBC}") = "ProgrammatronExecutable", "languageVM\ProgrammatronExecutable.csproj", "{ADA142CA-89C5-459E-B44F-92E91158C6FB}"
	ProjectSection(ProjectDependencies) = postProject
		{AEC4CFAB-811B-4624-9B48-FB4F2450E05B} = {AEC4CFAB-811B-4624-9B48-FB4F2450E05B}
	EndProjectSection
EndProject
Project("{FAE04EC0-301F-11D3-BF4B-00C04F79EFBC}") = "iniPaster", "iniPaster\iniPaster.csproj", "{AEC4CFAB-811B-4624-9B48-FB4F2450E05B}"
EndProject
Project("{FAE04EC0-301F-11D3-BF4B-00C04F79EFBC}") = "mobosiSema", "mobosiSema\mobosiSema.csproj", "{A31693D7-2B11-45FA-99C0-0A3D3A2FB611}"
EndProject
Project("{FAE04EC0-301F-11D3-BF4B-00C04F79EFBC}") = "ProgrammatronCore", "programmatronCore\ProgrammatronCore.csproj", "{E640AE3F-DFA9-4EBA-82C7-A9ABAF783882}"
EndProject
Project("{FAE04EC0-301F-11D3-BF4B-00C04F79EFBC}") = "FunctionsRealization", "FunctionsRealization\FunctionsRealization.csproj", "{FB8298C0-2FF0-4859-B9B6-D8C8CCDACA42}"
EndProject
Project("{FAE04EC0-301F-11D3-BF4B-00C04F79EFBC}") = "helpSystem", "helpSystem\helpSystem.csproj", "{EC9AE0FE-F5BB-41C5-B97B-3EC426E4DB8F}"
EndProject
Global
	GlobalSection(SolutionConfigurationPlatforms) = preSolution
		Debug|Any CPU = Debug|Any CPU
		Debug|ARM = Debug|ARM
		Debug|x86 = Debug|x86
		Release|Any CPU = Release|Any CPU
		Release|ARM = Release|ARM
		Release|x86 = Release|x86
	EndGlobalSection
	GlobalSection(ProjectConfigurationPlatforms) = postSolution
		{64E764D3-08B0-48AB-A76B-4A9C28F1B0C3}.Debug|Any CPU.ActiveCfg = Debug|Any CPU
		{64E764D3-08B0-48AB-A76B-4A9C28F1B0C3}.Debug|Any CPU.Build.0 = Debug|Any CPU
		{64E764D3-08B0-48AB-A76B-4A9C28F1B0C3}.Debug|ARM.ActiveCfg = Debug|Any CPU
		{64E764D3-08B0-48AB-A76B-4A9C28F1B0C3}.Debug|x86.ActiveCfg = Debug|Any CPU
		{64E764D3-08B0-48AB-A76B-4A9C28F1B0C3}.Release|Any CPU.ActiveCfg = Release|Any CPU
		{64E764D3-08B0-48AB-A76B-4A9C28F1B0C3}.Release|Any CPU.Build.0 = Release|Any CPU
		{64E764D3-08B0-48AB-A76B-4A9C28F1B0C3}.Release|ARM.ActiveCfg = Release|Any CPU
		{64E764D3-08B0-48AB-A76B-4A9C28F1B0C3}.Release|x86.ActiveCfg = Release|Any CPU
		{ADA142CA-89C5-459E-B44F-92E91158C6FB}.Debug|Any CPU.ActiveCfg = Debug|Any CPU
		{ADA142CA-89C5-459E-B44F-92E91158C6FB}.Debug|Any CPU.Build.0 = Debug|Any CPU
		{ADA142CA-89C5-459E-B44F-92E91158C6FB}.Debug|ARM.ActiveCfg = Debug|Any CPU
		{ADA142CA-89C5-459E-B44F-92E91158C6FB}.Debug|x86.ActiveCfg = Debug|Any CPU
		{ADA142CA-89C5-459E-B44F-92E91158C6FB}.Release|Any CPU.ActiveCfg = Release|Any CPU
		{ADA142CA-89C5-459E-B44F-92E91158C6FB}.Release|Any CPU.Build.0 = Release|Any CPU
		{ADA142CA-89C5-459E-B44F-92E91158C6FB}.Release|ARM.ActiveCfg = Release|Any CPU
		{ADA142CA-89C5-459E-B44F-92E91158C6FB}.Release|x86.ActiveCfg = Release|Any CPU
		{AEC4CFAB-811B-4624-9B48-FB4F2450E05B}.Debug|Any CPU.ActiveCfg = Debug|Any CPU
		{AEC4CFAB-811B-4624-9B48-FB4F2450E05B}.Debug|Any CPU.Build.0 = Debug|Any CPU
		{AEC4CFAB-811B-4624-9B48-FB4F2450E05B}.Debug|ARM.ActiveCfg = Debug|Any CPU
		{AEC4CFAB-811B-4624-9B48-FB4F2450E05B}.Debug|x86.ActiveCfg = Debug|Any CPU
		{AEC4CFAB-811B-4624-9B48-FB4F2450E05B}.Release|Any CPU.ActiveCfg = Release|Any CPU
		{AEC4CFAB-811B-4624-9B48-FB4F2450E05B}.Release|Any CPU.Build.0 = Release|Any CPU
		{AEC4CFAB-811B-4624-9B48-FB4F2450E05B}.Release|ARM.ActiveCfg = Release|Any CPU
		{AEC4CFAB-811B-4624-9B48-FB4F2450E05B}.Release|x86.ActiveCfg = Release|Any CPU
		{A31693D7-2B11-45FA-99C0-0A3D3A2FB611}.Debug|Any CPU.ActiveCfg = Debug|Any CPU
		{A31693D7-2B11-45FA-99C0-0A3D3A2FB611}.Debug|Any CPU.Build.0 = Debug|Any CPU
		{A31693D7-2B11-45FA-99C0-0A3D3A2FB611}.Debug|Any CPU.Deploy.0 = Debug|Any CPU
		{A31693D7-2B11-45FA-99C0-0A3D3A2FB611}.Debug|ARM.ActiveCfg = Debug|ARM
		{A31693D7-2B11-45FA-99C0-0A3D3A2FB611}.Debug|ARM.Build.0 = Debug|ARM
		{A31693D7-2B11-45FA-99C0-0A3D3A2FB611}.Debug|ARM.Deploy.0 = Debug|ARM
		{A31693D7-2B11-45FA-99C0-0A3D3A2FB611}.Debug|x86.ActiveCfg = Debug|x86
		{A31693D7-2B11-45FA-99C0-0A3D3A2FB611}.Debug|x86.Build.0 = Debug|x86
		{A31693D7-2B11-45FA-99C0-0A3D3A2FB611}.Debug|x86.Deploy.0 = Debug|x86
		{A31693D7-2B11-45FA-99C0-0A3D3A2FB611}.Release|Any CPU.ActiveCfg = Release|Any CPU
		{A31693D7-2B11-45FA-99C0-0A3D3A2FB611}.Release|Any CPU.Build.0 = Release|Any CPU
		{A31693D7-2B11-45FA-99C0-0A3D3A2FB611}.Release|Any CPU.Deploy.0 = Release|Any CPU
		{A31693D7-2B11-45FA-99C0-0A3D3A2FB611}.Release|ARM.ActiveCfg = Release|ARM
		{A31693D7-2B11-45FA-99C0-0A3D3A2FB611}.Release|ARM.Build.0 = Release|ARM
		{A31693D7-2B11-45FA-99C0-0A3D3A2FB611}.Release|ARM.Deploy.0 = Release|ARM
		{A31693D7-2B11-45FA-99C0-0A3D3A2FB611}.Release|x86.ActiveCfg = Release|x86
		{A31693D7-2B11-45FA-99C0-0A3D3A2FB611}.Release|x86.Build.0 = Release|x86
		{A31693D7-2B11-45FA-99C0-0A3D3A2FB611}.Release|x86.Deploy.0 = Release|x86
		{E640AE3F-DFA9-4EBA-82C7-A9ABAF783882}.Debug|Any CPU.ActiveCfg = Debug|Any CPU
		{E640AE3F-DFA9-4EBA-82C7-A9ABAF783882}.Debug|Any CPU.Build.0 = Debug|Any CPU
		{E640AE3F-DFA9-4EBA-82C7-A9ABAF783882}.Debug|ARM.ActiveCfg = Debug|Any CPU
		{E640AE3F-DFA9-4EBA-82C7-A9ABAF783882}.Debug|x86.ActiveCfg = Debug|Any CPU
		{E640AE3F-DFA9-4EBA-82C7-A9ABAF783882}.Release|Any CPU.ActiveCfg = Release|Any CPU
		{E640AE3F-DFA9-4EBA-82C7-A9ABAF783882}.Release|Any CPU.Build.0 = Release|Any CPU
		{E640AE3F-DFA9-4EBA-82C7-A9ABAF783882}.Release|ARM.ActiveCfg = Release|Any CPU
		{E640AE3F-DFA9-4EBA-82C7-A9ABAF783882}.Release|x86.ActiveCfg = Release|Any CPU
		{FB8298C0-2FF0-4859-B9B6-D8C8CCDACA42}.Debug|Any CPU.ActiveCfg = Debug|Any CPU
		{FB8298C0-2FF0-4859-B9B6-D8C8CCDACA42}.Debug|Any CPU.Build.0 = Debug|Any CPU
		{FB8298C0-2FF0-4859-B9B6-D8C8CCDACA42}.Debug|ARM.ActiveCfg = Debug|Any CPU
		{FB8298C0-2FF0-4859-B9B6-D8C8CCDACA42}.Debug|x86.ActiveCfg = Debug|Any CPU
		{FB8298C0-2FF0-4859-B9B6-D8C8CCDACA42}.Release|Any CPU.ActiveCfg = Release|Any CPU
		{FB8298C0-2FF0-4859-B9B6-D8C8CCDACA42}.Release|Any CPU.Build.0 = Release|Any CPU
		{FB8298C0-2FF0-4859-B9B6-D8C8CCDACA42}.Release|ARM.ActiveCfg = Release|Any CPU
		{FB8298C0-2FF0-4859-B9B6-D8C8CCDACA42}.Release|x86.ActiveCfg = Release|Any CPU
		{EC9AE0FE-F5BB-41C5-B97B-3EC426E4DB8F}.Debug|Any CPU.ActiveCfg = Debug|Any CPU
		{EC9AE0FE-F5BB-41C5-B97B-3EC426E4DB8F}.Debug|Any CPU.Build.0 = Debug|Any CPU
		{EC9AE0FE-F5BB-41C5-B97B-3EC426E4DB8F}.Debug|ARM.ActiveCfg = Debug|Any CPU
		{EC9AE0FE-F5BB-41C5-B97B-3EC426E4DB8F}.Debug|x86.ActiveCfg = Debug|Any CPU
		{EC9AE0FE-F5BB-41C5-B97B-3EC426E4DB8F}.Release|Any CPU.ActiveCfg = Release|Any CPU
		{EC9AE0FE-F5BB-41C5-B97B-3EC426E4DB8F}.Release|Any CPU.Build.0 = Release|Any CPU
		{EC9AE0FE-F5BB-41C5-B97B-3EC426E4DB8F}.Release|ARM.ActiveCfg = Release|Any CPU
		{EC9AE0FE-F5BB-41C5-B97B-3EC426E4DB8F}.Release|x86.ActiveCfg = Release|Any CPU
	EndGlobalSection
	GlobalSection(SolutionProperties) = preSolution
		HideSolutionNode = FALSE
	EndGlobalSection
EndGlobal
